PODS:
  - FeathersjsClientSwift (0.8.8):
    - Socket.IO-Client-Swift (= 8.3.3)
  - Socket.IO-Client-Swift (8.3.3)

DEPENDENCIES:
  - FeathersjsClientSwift (from `../`)

EXTERNAL SOURCES:
  FeathersjsClientSwift:
    :path: ../

SPEC CHECKSUMS:
  FeathersjsClientSwift: 81ebb6cb09d9b9ff8947f18a6b2d6de836e15798
  Socket.IO-Client-Swift: a2faffdbde89c63aebc5d631041530c1068b02b8

PODFILE CHECKSUM: 080822d036bd5dfe556fd0a63649650ecc644529

COCOAPODS: 1.2.0
